
Microsoft Visual Studio Solution File, Format Version 12.00
# Visual Studio Version 17
VisualStudioVersion = 17.8.34309.116
MinimumVisualStudioVersion = 10.0.40219.1
Project("{FAE04EC0-301F-11D3-BF4B-00C04F79EFBC}") = "SignalR", "SignalR.csproj", "{5469AF2C-68C1-428E-A2F1-6366A7E1A190}"
EndProject
Global
	GlobalSection(SolutionConfigurationPlatforms) = preSolution
		Debug|Any CPU = Debug|Any CPU
		Release|Any CPU = Release|Any CPU
	EndGlobalSection
	GlobalSection(ProjectConfigurationPlatforms) = postSolution
		{5469AF2C-68C1-428E-A2F1-6366A7E1A190}.Debug|Any CPU.ActiveCfg = Debug|Any CPU
		{5469AF2C-68C1-428E-A2F1-6366A7E1A190}.Debug|Any CPU.Build.0 = Debug|Any CPU
		{5469AF2C-68C1-428E-A2F1-6366A7E1A190}.Release|Any CPU.ActiveCfg = Release|Any CPU
		{5469AF2C-68C1-428E-A2F1-6366A7E1A190}.Release|Any CPU.Build.0 = Release|Any CPU
	EndGlobalSection
	GlobalSection(SolutionProperties) = preSolution
		HideSolutionNode = FALSE
	EndGlobalSection
	GlobalSection(ExtensibilityGlobals) = postSolution
		SolutionGuid = {2568047C-8368-4ADF-98F4-F4C7D77C35C9}
	EndGlobalSection
EndGlobal
